
Microsoft Visual Studio Solution File, Format Version 12.00
# Visual Studio 15
VisualStudioVersion = 15.0.28307.1082
MinimumVisualStudioVersion = 10.0.40219.1
Project("{8BC9CEB8-8B4A-11D0-8D11-00A0C91BC942}") = "11317115MIPCourseDesign", "11317115MIPCourseDesign\11317115MIPCourseDesign.vcxproj", "{58241A84-187B-472E-9D35-BF00DFC29BA9}"
EndProject
Global
	GlobalSection(SolutionConfigurationPlatforms) = preSolution
		Debug|x64 = Debug|x64
		Debug|x86 = Debug|x86
		Release|x64 = Release|x64
		Release|x86 = Release|x86
	EndGlobalSection
	GlobalSection(ProjectConfigurationPlatforms) = postSolution
		{58241A84-187B-472E-9D35-BF00DFC29BA9}.Debug|x64.ActiveCfg = Debug|x64
		{58241A84-187B-472E-9D35-BF00DFC29BA9}.Debug|x64.Build.0 = Debug|x64
		{58241A84-187B-472E-9D35-BF00DFC29BA9}.Debug|x86.ActiveCfg = Debug|Win32
		{58241A84-187B-472E-9D35-BF00DFC29BA9}.Debug|x86.Build.0 = Debug|Win32
		{58241A84-187B-472E-9D35-BF00DFC29BA9}.Release|x64.ActiveCfg = Release|x64
		{58241A84-187B-472E-9D35-BF00DFC29BA9}.Release|x64.Build.0 = Release|x64
		{58241A84-187B-472E-9D35-BF00DFC29BA9}.Release|x86.ActiveCfg = Release|Win32
		{58241A84-187B-472E-9D35-BF00DFC29BA9}.Release|x86.Build.0 = Release|Win32
	EndGlobalSection
	GlobalSection(SolutionProperties) = preSolution
		HideSolutionNode = FALSE
	EndGlobalSection
	GlobalSection(ExtensibilityGlobals) = postSolution
		SolutionGuid = {56D6DED5-A95D-4AF6-94A6-DB6F44B15A89}
	EndGlobalSection
EndGlobal
